
Microsoft Visual Studio Solution File, Format Version 12.00
# Visual Studio Version 16
VisualStudioVersion = 16.0.30114.105
MinimumVisualStudioVersion = 10.0.40219.1
Project("{FAE04EC0-301F-11D3-BF4B-00C04F79EFBC}") = "MeetupPlatform.Api", "MeetupPlatform.Api\MeetupPlatform.Api.csproj", "{C47B8B66-2CEC-4355-B809-6D1454D1124F}"
EndProject
Project("{FAE04EC0-301F-11D3-BF4B-00C04F79EFBC}") = "MeetupPlatform.Tests", "MeetupPlatform.Tests\MeetupPlatform.Tests.csproj", "{39CDD919-2A36-4887-92F3-80D4003561FD}"
EndProject
Global
	GlobalSection(SolutionConfigurationPlatforms) = preSolution
		Debug|Any CPU = Debug|Any CPU
		Release|Any CPU = Release|Any CPU
	EndGlobalSection
	GlobalSection(SolutionProperties) = preSolution
		HideSolutionNode = FALSE
	EndGlobalSection
	GlobalSection(ProjectConfigurationPlatforms) = postSolution
		{C47B8B66-2CEC-4355-B809-6D1454D1124F}.Debug|Any CPU.ActiveCfg = Debug|Any CPU
		{C47B8B66-2CEC-4355-B809-6D1454D1124F}.Debug|Any CPU.Build.0 = Debug|Any CPU
		{C47B8B66-2CEC-4355-B809-6D1454D1124F}.Release|Any CPU.ActiveCfg = Release|Any CPU
		{C47B8B66-2CEC-4355-B809-6D1454D1124F}.Release|Any CPU.Build.0 = Release|Any CPU
		{39CDD919-2A36-4887-92F3-80D4003561FD}.Debug|Any CPU.ActiveCfg = Debug|Any CPU
		{39CDD919-2A36-4887-92F3-80D4003561FD}.Debug|Any CPU.Build.0 = Debug|Any CPU
		{39CDD919-2A36-4887-92F3-80D4003561FD}.Release|Any CPU.ActiveCfg = Release|Any CPU
		{39CDD919-2A36-4887-92F3-80D4003561FD}.Release|Any CPU.Build.0 = Release|Any CPU
	EndGlobalSection
EndGlobal
